
Microsoft Visual Studio Solution File, Format Version 12.00
# Visual Studio Version 16
VisualStudioVersion = 25.0.1700.5
MinimumVisualStudioVersion = 10.0.40219.1
Project("{FAE04EC0-301F-11D3-BF4B-00C04F79EFBC}") = "T05-Ejercicio1", "T05-Ejercicio1.csproj", "{302FFE74-54C3-4501-B1E2-269EB9F21CF4}"
EndProject
Global
	GlobalSection(SolutionConfigurationPlatforms) = preSolution
		Debug|Any CPU = Debug|Any CPU
		Release|Any CPU = Release|Any CPU
	EndGlobalSection
	GlobalSection(ProjectConfigurationPlatforms) = postSolution
		{302FFE74-54C3-4501-B1E2-269EB9F21CF4}.Debug|Any CPU.ActiveCfg = Debug|Any CPU
		{302FFE74-54C3-4501-B1E2-269EB9F21CF4}.Debug|Any CPU.Build.0 = Debug|Any CPU
		{302FFE74-54C3-4501-B1E2-269EB9F21CF4}.Release|Any CPU.ActiveCfg = Release|Any CPU
		{302FFE74-54C3-4501-B1E2-269EB9F21CF4}.Release|Any CPU.Build.0 = Release|Any CPU
	EndGlobalSection
	GlobalSection(SolutionProperties) = preSolution
		HideSolutionNode = FALSE
	EndGlobalSection
	GlobalSection(ExtensibilityGlobals) = postSolution
		SolutionGuid = {F861294B-B8CB-4F4C-8BAC-DF13349E4C9B}
	EndGlobalSection
EndGlobal
